
Microsoft Visual Studio Solution File, Format Version 12.00
# Visual Studio Version 17
VisualStudioVersion = 17.0.31903.59
MinimumVisualStudioVersion = 10.0.40219.1
Project("{2150E333-8FDC-42A3-9474-1A3956D46DE8}") = "src", "src", "{9C2EE62B-367E-43FA-B355-0D0706824117}"
EndProject
Project("{FAE04EC0-301F-11D3-BF4B-00C04F79EFBC}") = "TZTDate.Core", "src\TZTDate.Core\TZTDate.Core.csproj", "{5AC980B4-1993-48E3-AB40-60311B884AEC}"
EndProject
Project("{FAE04EC0-301F-11D3-BF4B-00C04F79EFBC}") = "TZTDate.Infrastructure", "src\TZTDate.Infrastructure\TZTDate.Infrastructure.csproj", "{36EBB5D4-4C26-4A68-87C3-5124EFC6608A}"
EndProject
Project("{FAE04EC0-301F-11D3-BF4B-00C04F79EFBC}") = "TZTDate.Presentation", "src\TZTDate.Presentation\TZTDate.Presentation.csproj", "{BEC840C2-9A10-406B-A1DE-B377A62314E7}"
EndProject
Project("{2150E333-8FDC-42A3-9474-1A3956D46DE8}") = "test", "test", "{3B129D28-8F73-40DC-9761-03F90243DC0F}"
EndProject
Project("{FAE04EC0-301F-11D3-BF4B-00C04F79EFBC}") = "TZTDate.UnitTests", "test\TZTDate.UnitTests\TZTDate.UnitTests.csproj", "{F3526333-C5A9-446B-AC70-9B29116FC80F}"
EndProject
Project("{FAE04EC0-301F-11D3-BF4B-00C04F79EFBC}") = "TZTDate.BlogApi", "src\TZTDate.BlogApi\TZTDate.BlogApi.csproj", "{2D41C7B3-4667-4290-A86C-87E114DE5068}"
EndProject
Project("{FAE04EC0-301F-11D3-BF4B-00C04F79EFBC}") = "TZTDate.WebApi", "src\TZTDate.WebApi\TZTDate.WebApi.csproj", "{E74C44D3-3489-478C-A17D-4195FB084820}"
EndProject
Global
	GlobalSection(SolutionConfigurationPlatforms) = preSolution
		Debug|Any CPU = Debug|Any CPU
		Release|Any CPU = Release|Any CPU
	EndGlobalSection
	GlobalSection(SolutionProperties) = preSolution
		HideSolutionNode = FALSE
	EndGlobalSection
	GlobalSection(ProjectConfigurationPlatforms) = postSolution
		{5AC980B4-1993-48E3-AB40-60311B884AEC}.Debug|Any CPU.ActiveCfg = Debug|Any CPU
		{5AC980B4-1993-48E3-AB40-60311B884AEC}.Debug|Any CPU.Build.0 = Debug|Any CPU
		{5AC980B4-1993-48E3-AB40-60311B884AEC}.Release|Any CPU.ActiveCfg = Release|Any CPU
		{5AC980B4-1993-48E3-AB40-60311B884AEC}.Release|Any CPU.Build.0 = Release|Any CPU
		{36EBB5D4-4C26-4A68-87C3-5124EFC6608A}.Debug|Any CPU.ActiveCfg = Debug|Any CPU
		{36EBB5D4-4C26-4A68-87C3-5124EFC6608A}.Debug|Any CPU.Build.0 = Debug|Any CPU
		{36EBB5D4-4C26-4A68-87C3-5124EFC6608A}.Release|Any CPU.ActiveCfg = Release|Any CPU
		{36EBB5D4-4C26-4A68-87C3-5124EFC6608A}.Release|Any CPU.Build.0 = Release|Any CPU
		{BEC840C2-9A10-406B-A1DE-B377A62314E7}.Debug|Any CPU.ActiveCfg = Debug|Any CPU
		{BEC840C2-9A10-406B-A1DE-B377A62314E7}.Debug|Any CPU.Build.0 = Debug|Any CPU
		{BEC840C2-9A10-406B-A1DE-B377A62314E7}.Release|Any CPU.ActiveCfg = Release|Any CPU
		{BEC840C2-9A10-406B-A1DE-B377A62314E7}.Release|Any CPU.Build.0 = Release|Any CPU
		{F3526333-C5A9-446B-AC70-9B29116FC80F}.Debug|Any CPU.ActiveCfg = Debug|Any CPU
		{F3526333-C5A9-446B-AC70-9B29116FC80F}.Debug|Any CPU.Build.0 = Debug|Any CPU
		{F3526333-C5A9-446B-AC70-9B29116FC80F}.Release|Any CPU.ActiveCfg = Release|Any CPU
		{F3526333-C5A9-446B-AC70-9B29116FC80F}.Release|Any CPU.Build.0 = Release|Any CPU
		{2D41C7B3-4667-4290-A86C-87E114DE5068}.Debug|Any CPU.ActiveCfg = Debug|Any CPU
		{2D41C7B3-4667-4290-A86C-87E114DE5068}.Debug|Any CPU.Build.0 = Debug|Any CPU
		{2D41C7B3-4667-4290-A86C-87E114DE5068}.Release|Any CPU.ActiveCfg = Release|Any CPU
		{2D41C7B3-4667-4290-A86C-87E114DE5068}.Release|Any CPU.Build.0 = Release|Any CPU
		{E74C44D3-3489-478C-A17D-4195FB084820}.Debug|Any CPU.ActiveCfg = Debug|Any CPU
		{E74C44D3-3489-478C-A17D-4195FB084820}.Debug|Any CPU.Build.0 = Debug|Any CPU
		{E74C44D3-3489-478C-A17D-4195FB084820}.Release|Any CPU.ActiveCfg = Release|Any CPU
		{E74C44D3-3489-478C-A17D-4195FB084820}.Release|Any CPU.Build.0 = Release|Any CPU
	EndGlobalSection
	GlobalSection(NestedProjects) = preSolution
		{5AC980B4-1993-48E3-AB40-60311B884AEC} = {9C2EE62B-367E-43FA-B355-0D0706824117}
		{36EBB5D4-4C26-4A68-87C3-5124EFC6608A} = {9C2EE62B-367E-43FA-B355-0D0706824117}
		{BEC840C2-9A10-406B-A1DE-B377A62314E7} = {9C2EE62B-367E-43FA-B355-0D0706824117}
		{F3526333-C5A9-446B-AC70-9B29116FC80F} = {3B129D28-8F73-40DC-9761-03F90243DC0F}
		{2D41C7B3-4667-4290-A86C-87E114DE5068} = {9C2EE62B-367E-43FA-B355-0D0706824117}
		{E74C44D3-3489-478C-A17D-4195FB084820} = {9C2EE62B-367E-43FA-B355-0D0706824117}
	EndGlobalSection
EndGlobal
